# This file is automatically @generated by Cargo.
# It is not intended for manual editing.
version = 4

[[package]]
name = "cache_engine"
version = "0.1.0"

[[package]]
name = "cost_estimator"
version = "0.1.0"

[[package]]
name = "indexer"
version = "0.1.0"

[[package]]
name = "kosh-cli"
version = "0.1.0"
dependencies = [
 "cache_engine",
 "cost_estimator",
 "indexer",
 "mcp_router",
 "packet_engine",
 "tool_registry",
]

[[package]]
name = "mcp_router"
version = "0.1.0"

[[package]]
name = "packet_engine"
version = "0.1.0"

[[package]]
name = "tool_registry"
version = "0.1.0"
